
Microsoft Visual Studio Solution File, Format Version 12.00
Project("{FAE04EC0-301F-11D3-BF4B-00C04F79EFBC}") = "blackJack", "blackJack\blackJack.csproj", "{B9775B79-1FA4-476E-B5EF-E19530F3DED1}"
EndProject
Project("{FAE04EC0-301F-11D3-BF4B-00C04F79EFBC}") = "bowlingTDD", "bowlingTDD\bowlingTDD.csproj", "{64AEA741-5190-4017-8474-16F2DFF8976C}"
EndProject
Project("{FAE04EC0-301F-11D3-BF4B-00C04F79EFBC}") = "bowlingTDD.Tests", "bowlingTDD.Tests\bowlingTDD.Tests.csproj", "{A1DE583B-E07E-4713-BB34-5986FE41FFEE}"
EndProject
Global
	GlobalSection(SolutionConfigurationPlatforms) = preSolution
		Debug|Any CPU = Debug|Any CPU
		Release|Any CPU = Release|Any CPU
	EndGlobalSection
	GlobalSection(ProjectConfigurationPlatforms) = postSolution
		{B9775B79-1FA4-476E-B5EF-E19530F3DED1}.Debug|Any CPU.ActiveCfg = Debug|Any CPU
		{B9775B79-1FA4-476E-B5EF-E19530F3DED1}.Debug|Any CPU.Build.0 = Debug|Any CPU
		{B9775B79-1FA4-476E-B5EF-E19530F3DED1}.Release|Any CPU.ActiveCfg = Release|Any CPU
		{B9775B79-1FA4-476E-B5EF-E19530F3DED1}.Release|Any CPU.Build.0 = Release|Any CPU
		{64AEA741-5190-4017-8474-16F2DFF8976C}.Debug|Any CPU.ActiveCfg = Debug|Any CPU
		{64AEA741-5190-4017-8474-16F2DFF8976C}.Debug|Any CPU.Build.0 = Debug|Any CPU
		{64AEA741-5190-4017-8474-16F2DFF8976C}.Release|Any CPU.ActiveCfg = Release|Any CPU
		{64AEA741-5190-4017-8474-16F2DFF8976C}.Release|Any CPU.Build.0 = Release|Any CPU
		{A1DE583B-E07E-4713-BB34-5986FE41FFEE}.Debug|Any CPU.ActiveCfg = Debug|Any CPU
		{A1DE583B-E07E-4713-BB34-5986FE41FFEE}.Debug|Any CPU.Build.0 = Debug|Any CPU
		{A1DE583B-E07E-4713-BB34-5986FE41FFEE}.Release|Any CPU.ActiveCfg = Release|Any CPU
		{A1DE583B-E07E-4713-BB34-5986FE41FFEE}.Release|Any CPU.Build.0 = Release|Any CPU
	EndGlobalSection
EndGlobal
